
Microsoft Visual Studio Solution File, Format Version 12.00
# Visual Studio Version 17
VisualStudioVersion = 17.2.32516.85
MinimumVisualStudioVersion = 10.0.40219.1
Project("{9A19103F-16F7-4668-BE54-9A1E7A4F7556}") = "Congo.GUI", "Congo.GUI\Congo.GUI.csproj", "{52139EA4-DA32-439F-855D-A9197E207620}"
EndProject
Project("{9A19103F-16F7-4668-BE54-9A1E7A4F7556}") = "Congo.Core", "Congo.Core\Congo.Core.csproj", "{39C213B9-0534-49FF-B9D8-05EAC971AAD6}"
EndProject
Project("{9A19103F-16F7-4668-BE54-9A1E7A4F7556}") = "Congo.Core.MSTest", "Congo.Core.MSTest\Congo.Core.MSTest.csproj", "{EF53CC04-CAFE-4D47-9569-2B9F9E0265B8}"
EndProject
Project("{9A19103F-16F7-4668-BE54-9A1E7A4F7556}") = "Congo.Assets", "Congo.Assets\Congo.Assets.csproj", "{382B2DCE-A7DF-48FE-9467-BE5C69510760}"
EndProject
Project("{9A19103F-16F7-4668-BE54-9A1E7A4F7556}") = "Congo.Utils", "Congo.Utils\Congo.Utils.csproj", "{2325C78B-82DE-4EAA-817E-AA985484CAD8}"
EndProject
Project("{9A19103F-16F7-4668-BE54-9A1E7A4F7556}") = "Congo.CLI", "Congo.CLI\Congo.CLI.csproj", "{73204465-7E4B-4239-AD6D-0D5F4E44034B}"
EndProject
Project("{FAE04EC0-301F-11D3-BF4B-00C04F79EFBC}") = "Congo.CLI.MSTest", "Congo.CLI.MSTest\Congo.CLI.MSTest.csproj", "{398DBAE9-384B-4B35-98B2-B969789E34F7}"
EndProject
Project("{FAE04EC0-301F-11D3-BF4B-00C04F79EFBC}") = "Congo.Network", "Congo.Network\Congo.Network.csproj", "{D2BA1CE8-F604-4DFF-821E-C4E2F88D77C8}"
EndProject
Project("{FAE04EC0-301F-11D3-BF4B-00C04F79EFBC}") = "Congo.Server", "Congo.Server\Congo.Server.csproj", "{926359CA-B2F1-4170-9C87-EA8E850325F7}"
EndProject
Project("{FAE04EC0-301F-11D3-BF4B-00C04F79EFBC}") = "Congo.Test", "Congo.Test\Congo.Test.csproj", "{B25F18AD-5319-45DE-A603-F820524C89A2}"
EndProject
Global
	GlobalSection(SolutionConfigurationPlatforms) = preSolution
		Debug|Any CPU = Debug|Any CPU
		Release|Any CPU = Release|Any CPU
	EndGlobalSection
	GlobalSection(ProjectConfigurationPlatforms) = postSolution
		{52139EA4-DA32-439F-855D-A9197E207620}.Debug|Any CPU.ActiveCfg = Debug|Any CPU
		{52139EA4-DA32-439F-855D-A9197E207620}.Debug|Any CPU.Build.0 = Debug|Any CPU
		{52139EA4-DA32-439F-855D-A9197E207620}.Release|Any CPU.ActiveCfg = Release|Any CPU
		{52139EA4-DA32-439F-855D-A9197E207620}.Release|Any CPU.Build.0 = Release|Any CPU
		{39C213B9-0534-49FF-B9D8-05EAC971AAD6}.Debug|Any CPU.ActiveCfg = Debug|Any CPU
		{39C213B9-0534-49FF-B9D8-05EAC971AAD6}.Debug|Any CPU.Build.0 = Debug|Any CPU
		{39C213B9-0534-49FF-B9D8-05EAC971AAD6}.Release|Any CPU.ActiveCfg = Release|Any CPU
		{39C213B9-0534-49FF-B9D8-05EAC971AAD6}.Release|Any CPU.Build.0 = Release|Any CPU
		{EF53CC04-CAFE-4D47-9569-2B9F9E0265B8}.Debug|Any CPU.ActiveCfg = Debug|Any CPU
		{EF53CC04-CAFE-4D47-9569-2B9F9E0265B8}.Debug|Any CPU.Build.0 = Debug|Any CPU
		{EF53CC04-CAFE-4D47-9569-2B9F9E0265B8}.Release|Any CPU.ActiveCfg = Release|Any CPU
		{EF53CC04-CAFE-4D47-9569-2B9F9E0265B8}.Release|Any CPU.Build.0 = Release|Any CPU
		{382B2DCE-A7DF-48FE-9467-BE5C69510760}.Debug|Any CPU.ActiveCfg = Debug|Any CPU
		{382B2DCE-A7DF-48FE-9467-BE5C69510760}.Debug|Any CPU.Build.0 = Debug|Any CPU
		{382B2DCE-A7DF-48FE-9467-BE5C69510760}.Release|Any CPU.ActiveCfg = Release|Any CPU
		{382B2DCE-A7DF-48FE-9467-BE5C69510760}.Release|Any CPU.Build.0 = Release|Any CPU
		{2325C78B-82DE-4EAA-817E-AA985484CAD8}.Debug|Any CPU.ActiveCfg = Debug|Any CPU
		{2325C78B-82DE-4EAA-817E-AA985484CAD8}.Debug|Any CPU.Build.0 = Debug|Any CPU
		{2325C78B-82DE-4EAA-817E-AA985484CAD8}.Release|Any CPU.ActiveCfg = Release|Any CPU
		{2325C78B-82DE-4EAA-817E-AA985484CAD8}.Release|Any CPU.Build.0 = Release|Any CPU
		{73204465-7E4B-4239-AD6D-0D5F4E44034B}.Debug|Any CPU.ActiveCfg = Debug|Any CPU
		{73204465-7E4B-4239-AD6D-0D5F4E44034B}.Debug|Any CPU.Build.0 = Debug|Any CPU
		{73204465-7E4B-4239-AD6D-0D5F4E44034B}.Release|Any CPU.ActiveCfg = Release|Any CPU
		{73204465-7E4B-4239-AD6D-0D5F4E44034B}.Release|Any CPU.Build.0 = Release|Any CPU
		{398DBAE9-384B-4B35-98B2-B969789E34F7}.Debug|Any CPU.ActiveCfg = Debug|Any CPU
		{398DBAE9-384B-4B35-98B2-B969789E34F7}.Debug|Any CPU.Build.0 = Debug|Any CPU
		{398DBAE9-384B-4B35-98B2-B969789E34F7}.Release|Any CPU.ActiveCfg = Release|Any CPU
		{398DBAE9-384B-4B35-98B2-B969789E34F7}.Release|Any CPU.Build.0 = Release|Any CPU
		{D2BA1CE8-F604-4DFF-821E-C4E2F88D77C8}.Debug|Any CPU.ActiveCfg = Debug|Any CPU
		{D2BA1CE8-F604-4DFF-821E-C4E2F88D77C8}.Debug|Any CPU.Build.0 = Debug|Any CPU
		{D2BA1CE8-F604-4DFF-821E-C4E2F88D77C8}.Release|Any CPU.ActiveCfg = Release|Any CPU
		{D2BA1CE8-F604-4DFF-821E-C4E2F88D77C8}.Release|Any CPU.Build.0 = Release|Any CPU
		{926359CA-B2F1-4170-9C87-EA8E850325F7}.Debug|Any CPU.ActiveCfg = Debug|Any CPU
		{926359CA-B2F1-4170-9C87-EA8E850325F7}.Debug|Any CPU.Build.0 = Debug|Any CPU
		{926359CA-B2F1-4170-9C87-EA8E850325F7}.Release|Any CPU.ActiveCfg = Release|Any CPU
		{926359CA-B2F1-4170-9C87-EA8E850325F7}.Release|Any CPU.Build.0 = Release|Any CPU
		{B25F18AD-5319-45DE-A603-F820524C89A2}.Debug|Any CPU.ActiveCfg = Debug|Any CPU
		{B25F18AD-5319-45DE-A603-F820524C89A2}.Debug|Any CPU.Build.0 = Debug|Any CPU
		{B25F18AD-5319-45DE-A603-F820524C89A2}.Release|Any CPU.ActiveCfg = Release|Any CPU
		{B25F18AD-5319-45DE-A603-F820524C89A2}.Release|Any CPU.Build.0 = Release|Any CPU
	EndGlobalSection
	GlobalSection(SolutionProperties) = preSolution
		HideSolutionNode = FALSE
	EndGlobalSection
	GlobalSection(ExtensibilityGlobals) = postSolution
		SolutionGuid = {30F4964B-2626-47C7-B93A-338A99BD8CFA}
	EndGlobalSection
EndGlobal
