
Microsoft Visual Studio Solution File, Format Version 12.00
# Visual Studio Version 17
VisualStudioVersion = 17.1.32228.430
MinimumVisualStudioVersion = 10.0.40219.1
Project("{FAE04EC0-301F-11D3-BF4B-00C04F79EFBC}") = "Congo.CLI", "Congo.CLI\Congo.CLI.csproj", "{B77B299A-02CA-43E3-8D09-82E3EA63C3CE}"
EndProject
Project("{FAE04EC0-301F-11D3-BF4B-00C04F79EFBC}") = "Congo.CLI.MSTest", "Congo.CLI.MSTest\Congo.CLI.MSTest.csproj", "{DB48BED5-AC82-4D70-B3E5-8B07365F312F}"
EndProject
Project("{FAE04EC0-301F-11D3-BF4B-00C04F79EFBC}") = "Congo.Core", "Congo.Core\Congo.Core.csproj", "{FC66BC2E-577E-487C-8C24-D201C895ADDD}"
EndProject
Project("{FAE04EC0-301F-11D3-BF4B-00C04F79EFBC}") = "Congo.Core.MSTest", "Congo.Core.MSTest\Congo.Core.MSTest.csproj", "{E3801072-678B-4428-B065-81899058FFBB}"
EndProject
Project("{FAE04EC0-301F-11D3-BF4B-00C04F79EFBC}") = "Congo.Server", "Congo.Server\Congo.Server.csproj", "{969CCF7B-47E5-4C1E-AD7F-2D5C14F43D21}"
EndProject
Project("{FAE04EC0-301F-11D3-BF4B-00C04F79EFBC}") = "Test", "Test\Test.csproj", "{EDC54DEC-2880-4CDA-A457-518D2E270C32}"
EndProject
Project("{FAE04EC0-301F-11D3-BF4B-00C04F79EFBC}") = "Congo.GUI", "Congo.GUI\Congo.GUI.csproj", "{80CE904C-06AC-4A82-8682-BD6A6D3A2835}"
EndProject
Project("{FAE04EC0-301F-11D3-BF4B-00C04F79EFBC}") = "Congo.Network", "Congo.Network\Congo.Network.csproj", "{2A74553A-5D70-40DC-9C9A-B8CBE2CCC40F}"
EndProject
Project("{FAE04EC0-301F-11D3-BF4B-00C04F79EFBC}") = "Congo.Utils", "Congo.Utils\Congo.Utils.csproj", "{266F885A-34C0-4F04-83D1-3A7002527C4D}"
EndProject
Global
	GlobalSection(SolutionConfigurationPlatforms) = preSolution
		Debug|Any CPU = Debug|Any CPU
		Release|Any CPU = Release|Any CPU
	EndGlobalSection
	GlobalSection(ProjectConfigurationPlatforms) = postSolution
		{B77B299A-02CA-43E3-8D09-82E3EA63C3CE}.Debug|Any CPU.ActiveCfg = Debug|Any CPU
		{B77B299A-02CA-43E3-8D09-82E3EA63C3CE}.Debug|Any CPU.Build.0 = Debug|Any CPU
		{B77B299A-02CA-43E3-8D09-82E3EA63C3CE}.Release|Any CPU.ActiveCfg = Release|Any CPU
		{B77B299A-02CA-43E3-8D09-82E3EA63C3CE}.Release|Any CPU.Build.0 = Release|Any CPU
		{DB48BED5-AC82-4D70-B3E5-8B07365F312F}.Debug|Any CPU.ActiveCfg = Debug|Any CPU
		{DB48BED5-AC82-4D70-B3E5-8B07365F312F}.Debug|Any CPU.Build.0 = Debug|Any CPU
		{DB48BED5-AC82-4D70-B3E5-8B07365F312F}.Release|Any CPU.ActiveCfg = Release|Any CPU
		{DB48BED5-AC82-4D70-B3E5-8B07365F312F}.Release|Any CPU.Build.0 = Release|Any CPU
		{FC66BC2E-577E-487C-8C24-D201C895ADDD}.Debug|Any CPU.ActiveCfg = Debug|Any CPU
		{FC66BC2E-577E-487C-8C24-D201C895ADDD}.Debug|Any CPU.Build.0 = Debug|Any CPU
		{FC66BC2E-577E-487C-8C24-D201C895ADDD}.Release|Any CPU.ActiveCfg = Release|Any CPU
		{FC66BC2E-577E-487C-8C24-D201C895ADDD}.Release|Any CPU.Build.0 = Release|Any CPU
		{E3801072-678B-4428-B065-81899058FFBB}.Debug|Any CPU.ActiveCfg = Debug|Any CPU
		{E3801072-678B-4428-B065-81899058FFBB}.Debug|Any CPU.Build.0 = Debug|Any CPU
		{E3801072-678B-4428-B065-81899058FFBB}.Release|Any CPU.ActiveCfg = Release|Any CPU
		{E3801072-678B-4428-B065-81899058FFBB}.Release|Any CPU.Build.0 = Release|Any CPU
		{969CCF7B-47E5-4C1E-AD7F-2D5C14F43D21}.Debug|Any CPU.ActiveCfg = Debug|Any CPU
		{969CCF7B-47E5-4C1E-AD7F-2D5C14F43D21}.Debug|Any CPU.Build.0 = Debug|Any CPU
		{969CCF7B-47E5-4C1E-AD7F-2D5C14F43D21}.Release|Any CPU.ActiveCfg = Release|Any CPU
		{969CCF7B-47E5-4C1E-AD7F-2D5C14F43D21}.Release|Any CPU.Build.0 = Release|Any CPU
		{EDC54DEC-2880-4CDA-A457-518D2E270C32}.Debug|Any CPU.ActiveCfg = Debug|Any CPU
		{EDC54DEC-2880-4CDA-A457-518D2E270C32}.Debug|Any CPU.Build.0 = Debug|Any CPU
		{EDC54DEC-2880-4CDA-A457-518D2E270C32}.Release|Any CPU.ActiveCfg = Release|Any CPU
		{EDC54DEC-2880-4CDA-A457-518D2E270C32}.Release|Any CPU.Build.0 = Release|Any CPU
		{80CE904C-06AC-4A82-8682-BD6A6D3A2835}.Debug|Any CPU.ActiveCfg = Debug|Any CPU
		{80CE904C-06AC-4A82-8682-BD6A6D3A2835}.Debug|Any CPU.Build.0 = Debug|Any CPU
		{80CE904C-06AC-4A82-8682-BD6A6D3A2835}.Release|Any CPU.ActiveCfg = Release|Any CPU
		{80CE904C-06AC-4A82-8682-BD6A6D3A2835}.Release|Any CPU.Build.0 = Release|Any CPU
		{2A74553A-5D70-40DC-9C9A-B8CBE2CCC40F}.Debug|Any CPU.ActiveCfg = Debug|Any CPU
		{2A74553A-5D70-40DC-9C9A-B8CBE2CCC40F}.Debug|Any CPU.Build.0 = Debug|Any CPU
		{2A74553A-5D70-40DC-9C9A-B8CBE2CCC40F}.Release|Any CPU.ActiveCfg = Release|Any CPU
		{2A74553A-5D70-40DC-9C9A-B8CBE2CCC40F}.Release|Any CPU.Build.0 = Release|Any CPU
		{266F885A-34C0-4F04-83D1-3A7002527C4D}.Debug|Any CPU.ActiveCfg = Debug|Any CPU
		{266F885A-34C0-4F04-83D1-3A7002527C4D}.Debug|Any CPU.Build.0 = Debug|Any CPU
		{266F885A-34C0-4F04-83D1-3A7002527C4D}.Release|Any CPU.ActiveCfg = Release|Any CPU
		{266F885A-34C0-4F04-83D1-3A7002527C4D}.Release|Any CPU.Build.0 = Release|Any CPU
	EndGlobalSection
	GlobalSection(SolutionProperties) = preSolution
		HideSolutionNode = FALSE
	EndGlobalSection
	GlobalSection(ExtensibilityGlobals) = postSolution
		SolutionGuid = {E71BDDEC-0685-4DE0-90B4-FF0A52F5BC18}
	EndGlobalSection
EndGlobal
